
Microsoft Visual Studio Solution File, Format Version 12.00
# Visual Studio Version 17
VisualStudioVersion = 17.10.35013.160
MinimumVisualStudioVersion = 10.0.40219.1
Project("{FAE04EC0-301F-11D3-BF4B-00C04F79EFBC}") = "TaskScan", "TaskScan\TaskScan.csproj", "{F6D0B326-7157-487D-9395-D92CC81B0627}"
EndProject
Global
	GlobalSection(SolutionConfigurationPlatforms) = preSolution
		Debug|Any CPU = Debug|Any CPU
		Release|Any CPU = Release|Any CPU
	EndGlobalSection
	GlobalSection(ProjectConfigurationPlatforms) = postSolution
		{F6D0B326-7157-487D-9395-D92CC81B0627}.Debug|Any CPU.ActiveCfg = Debug|Any CPU
		{F6D0B326-7157-487D-9395-D92CC81B0627}.Debug|Any CPU.Build.0 = Debug|Any CPU
		{F6D0B326-7157-487D-9395-D92CC81B0627}.Release|Any CPU.ActiveCfg = Release|Any CPU
		{F6D0B326-7157-487D-9395-D92CC81B0627}.Release|Any CPU.Build.0 = Release|Any CPU
	EndGlobalSection
	GlobalSection(SolutionProperties) = preSolution
		HideSolutionNode = FALSE
	EndGlobalSection
	GlobalSection(ExtensibilityGlobals) = postSolution
		SolutionGuid = {E25A0786-0532-402E-A760-0AFEE3392129}
	EndGlobalSection
EndGlobal
